
Microsoft Visual Studio Solution File, Format Version 12.00
# Visual Studio Version 16
VisualStudioVersion = 16.0.30717.126
MinimumVisualStudioVersion = 10.0.40219.1
Project("{FAE04EC0-301F-11D3-BF4B-00C04F79EFBC}") = "vectores", "vectores\vectores.csproj", "{0C96287E-4E15-48D6-A17C-6B50003562C0}"
EndProject
Global
	GlobalSection(SolutionConfigurationPlatforms) = preSolution
		Debug|Any CPU = Debug|Any CPU
		Release|Any CPU = Release|Any CPU
	EndGlobalSection
	GlobalSection(ProjectConfigurationPlatforms) = postSolution
		{0C96287E-4E15-48D6-A17C-6B50003562C0}.Debug|Any CPU.ActiveCfg = Debug|Any CPU
		{0C96287E-4E15-48D6-A17C-6B50003562C0}.Debug|Any CPU.Build.0 = Debug|Any CPU
		{0C96287E-4E15-48D6-A17C-6B50003562C0}.Release|Any CPU.ActiveCfg = Release|Any CPU
		{0C96287E-4E15-48D6-A17C-6B50003562C0}.Release|Any CPU.Build.0 = Release|Any CPU
	EndGlobalSection
	GlobalSection(SolutionProperties) = preSolution
		HideSolutionNode = FALSE
	EndGlobalSection
	GlobalSection(ExtensibilityGlobals) = postSolution
		SolutionGuid = {01DCED2B-0E16-4C4D-9928-06AA87928A99}
	EndGlobalSection
EndGlobal
